// !$*UTF8*$!
{
	archiveVersion = 1;
	classes = {
	};
	objectVersion = 51;
	objects = {

/* Begin PBXBuildFile section */
		053A527D245F5A86008E1D24 /* RestaurantMenuViewController.swift in Sources */ = {isa = PBXBuildFile; fileRef = 053A527C245F5A86008E1D24 /* RestaurantMenuViewController.swift */; };
		053A527F245F6A93008E1D24 /* foodDetailsViewController.swift in Sources */ = {isa = PBXBuildFile; fileRef = 053A527E245F6A93008E1D24 /* foodDetailsViewController.swift */; };
		05892E48245D598A00411B87 /* searchTableViewCell.swift in Sources */ = {isa = PBXBuildFile; fileRef = 05892E47245D598A00411B87 /* searchTableViewCell.swift */; };
		05D2D0FE2448F1980013273A /* AppDelegate.swift in Sources */ = {isa = PBXBuildFile; fileRef = 05D2D0FD2448F1980013273A /* AppDelegate.swift */; };
		05D2D1002448F1980013273A /* SceneDelegate.swift in Sources */ = {isa = PBXBuildFile; fileRef = 05D2D0FF2448F1980013273A /* SceneDelegate.swift */; };
		05D2D1022448F1980013273A /* ViewController.swift in Sources */ = {isa = PBXBuildFile; fileRef = 05D2D1012448F1980013273A /* ViewController.swift */; };
		05D2D1052448F1980013273A /* Main.storyboard in Resources */ = {isa = PBXBuildFile; fileRef = 05D2D1032448F1980013273A /* Main.storyboard */; };
		05D2D1072448F1990013273A /* Assets.xcassets in Resources */ = {isa = PBXBuildFile; fileRef = 05D2D1062448F1990013273A /* Assets.xcassets */; };
		05D2D10A2448F1990013273A /* LaunchScreen.storyboard in Resources */ = {isa = PBXBuildFile; fileRef = 05D2D1082448F1990013273A /* LaunchScreen.storyboard */; };
		05D2D1152448F1990013273A /* OrderBudTests.swift in Sources */ = {isa = PBXBuildFile; fileRef = 05D2D1142448F1990013273A /* OrderBudTests.swift */; };
		05D2D1202448F1990013273A /* OrderBudUITests.swift in Sources */ = {isa = PBXBuildFile; fileRef = 05D2D11F2448F1990013273A /* OrderBudUITests.swift */; };
		05D5088D245FCFA40046227C /* FoodCellTableViewCell.swift in Sources */ = {isa = PBXBuildFile; fileRef = 05D5088C245FCFA40046227C /* FoodCellTableViewCell.swift */; };
		7AB24252B42F6F219511FE60 /* Pods_OrderBud.framework in Frameworks */ = {isa = PBXBuildFile; fileRef = 4DA4B5D90574B2FA7CFF4B6F /* Pods_OrderBud.framework */; };
		898E9622636FB5ABDE47DF6C /* Pods_OrderBud_OrderBudUITests.framework in Frameworks */ = {isa = PBXBuildFile; fileRef = E981B01487EEAE2B0731A5A3 /* Pods_OrderBud_OrderBudUITests.framework */; };
		F3B73777103CA73BE6B62B0F /* Pods_OrderBudTests.framework in Frameworks */ = {isa = PBXBuildFile; fileRef = 59F1735D3DAD6860D2175AA6 /* Pods_OrderBudTests.framework */; };
/* End PBXBuildFile section */

/* Begin PBXContainerItemProxy section */
		05D2D1112448F1990013273A /* PBXContainerItemProxy */ = {
			isa = PBXContainerItemProxy;
			containerPortal = 05D2D0F22448F1980013273A /* Project object */;
			proxyType = 1;
			remoteGlobalIDString = 05D2D0F92448F1980013273A;
			remoteInfo = OrderBud;
		};
		05D2D11C2448F1990013273A /* PBXContainerItemProxy */ = {
			isa = PBXContainerItemProxy;
			containerPortal = 05D2D0F22448F1980013273A /* Project object */;
			proxyType = 1;
			remoteGlobalIDString = 05D2D0F92448F1980013273A;
			remoteInfo = OrderBud;
		};
/* End PBXContainerItemProxy section */

/* Begin PBXFileReference section */
		053A527C245F5A86008E1D24 /* RestaurantMenuViewController.swift */ = {isa = PBXFileReference; lastKnownFileType = sourcecode.swift; path = RestaurantMenuViewController.swift; sourceTree = "<group>"; };
		053A527E245F6A93008E1D24 /* foodDetailsViewController.swift */ = {isa = PBXFileReference; lastKnownFileType = sourcecode.swift; path = foodDetailsViewController.swift; sourceTree = "<group>"; };
		05892E47245D598A00411B87 /* searchTableViewCell.swift */ = {isa = PBXFileReference; lastKnownFileType = sourcecode.swift; path = searchTableViewCell.swift; sourceTree = "<group>"; };
		05D2D0FA2448F1980013273A /* OrderBud.app */ = {isa = PBXFileReference; explicitFileType = wrapper.application; includeInIndex = 0; path = OrderBud.app; sourceTree = BUILT_PRODUCTS_DIR; };
		05D2D0FD2448F1980013273A /* AppDelegate.swift */ = {isa = PBXFileReference; lastKnownFileType = sourcecode.swift; path = AppDelegate.swift; sourceTree = "<group>"; };
		05D2D0FF2448F1980013273A /* SceneDelegate.swift */ = {isa = PBXFileReference; lastKnownFileType = sourcecode.swift; path = SceneDelegate.swift; sourceTree = "<group>"; };
		05D2D1012448F1980013273A /* ViewController.swift */ = {isa = PBXFileReference; lastKnownFileType = sourcecode.swift; path = ViewController.swift; sourceTree = "<group>"; };
		05D2D1042448F1980013273A /* Base */ = {isa = PBXFileReference; lastKnownFileType = file.storyboard; name = Base; path = Base.lproj/Main.storyboard; sourceTree = "<group>"; };
		05D2D1062448F1990013273A /* Assets.xcassets */ = {isa = PBXFileReference; lastKnownFileType = folder.assetcatalog; path = Assets.xcassets; sourceTree = "<group>"; };
		05D2D1092448F1990013273A /* Base */ = {isa = PBXFileReference; lastKnownFileType = file.storyboard; name = Base; path = Base.lproj/LaunchScreen.storyboard; sourceTree = "<group>"; };
		05D2D10B2448F1990013273A /* Info.plist */ = {isa = PBXFileReference; lastKnownFileType = text.plist.xml; path = Info.plist; sourceTree = "<group>"; };
		05D2D1102448F1990013273A /* OrderBudTests.xctest */ = {isa = PBXFileReference; explicitFileType = wrapper.cfbundle; includeInIndex = 0; path = OrderBudTests.xctest; sourceTree = BUILT_PRODUCTS_DIR; };
		05D2D1142448F1990013273A /* OrderBudTests.swift */ = {isa = PBXFileReference; lastKnownFileType = sourcecode.swift; path = OrderBudTests.swift; sourceTree = "<group>"; };
		05D2D1162448F1990013273A /* Info.plist */ = {isa = PBXFileReference; lastKnownFileType = text.plist.xml; path = Info.plist; sourceTree = "<group>"; };
		05D2D11B2448F1990013273A /* OrderBudUITests.xctest */ = {isa = PBXFileReference; explicitFileType = wrapper.cfbundle; includeInIndex = 0; path = OrderBudUITests.xctest; sourceTree = BUILT_PRODUCTS_DIR; };
		05D2D11F2448F1990013273A /* OrderBudUITests.swift */ = {isa = PBXFileReference; lastKnownFileType = sourcecode.swift; path = OrderBudUITests.swift; sourceTree = "<group>"; };
		05D2D1212448F1990013273A /* Info.plist */ = {isa = PBXFileReference; lastKnownFileType = text.plist.xml; path = Info.plist; sourceTree = "<group>"; };
		05D5088C245FCFA40046227C /* FoodCellTableViewCell.swift */ = {isa = PBXFileReference; lastKnownFileType = sourcecode.swift; path = FoodCellTableViewCell.swift; sourceTree = "<group>"; };
		1AF3DF666EC79E826AB4762B /* Pods-OrderBud.release.xcconfig */ = {isa = PBXFileReference; includeInIndex = 1; lastKnownFileType = text.xcconfig; name = "Pods-OrderBud.release.xcconfig"; path = "Target Support Files/Pods-OrderBud/Pods-OrderBud.release.xcconfig"; sourceTree = "<group>"; };
		285C3B1B2487272EF6975E77 /* Pods-OrderBud.debug.xcconfig */ = {isa = PBXFileReference; includeInIndex = 1; lastKnownFileType = text.xcconfig; name = "Pods-OrderBud.debug.xcconfig"; path = "Target Support Files/Pods-OrderBud/Pods-OrderBud.debug.xcconfig"; sourceTree = "<group>"; };
		44EE646C2C1093DEC3387499 /* Pods-OrderBudTests.debug.xcconfig */ = {isa = PBXFileReference; includeInIndex = 1; lastKnownFileType = text.xcconfig; name = "Pods-OrderBudTests.debug.xcconfig"; path = "Target Support Files/Pods-OrderBudTests/Pods-OrderBudTests.debug.xcconfig"; sourceTree = "<group>"; };
		4DA4B5D90574B2FA7CFF4B6F /* Pods_OrderBud.framework */ = {isa = PBXFileReference; explicitFileType = wrapper.framework; includeInIndex = 0; path = Pods_OrderBud.framework; sourceTree = BUILT_PRODUCTS_DIR; };
		4F80EFA35D13E4ADF855D39E /* Pods-OrderBudTests.release.xcconfig */ = {isa = PBXFileReference; includeInIndex = 1; lastKnownFileType = text.xcconfig; name = "Pods-OrderBudTests.release.xcconfig"; path = "Target Support Files/Pods-OrderBudTests/Pods-OrderBudTests.release.xcconfig"; sourceTree = "<group>"; };
		59F1735D3DAD6860D2175AA6 /* Pods_OrderBudTests.framework */ = {isa = PBXFileReference; explicitFileType = wrapper.framework; includeInIndex = 0; path = Pods_OrderBudTests.framework; sourceTree = BUILT_PRODUCTS_DIR; };
		D96931B09AA0617802B56D0D /* Pods-OrderBud-OrderBudUITests.release.xcconfig */ = {isa = PBXFileReference; includeInIndex = 1; lastKnownFileType = text.xcconfig; name = "Pods-OrderBud-OrderBudUITests.release.xcconfig"; path = "Target Support Files/Pods-OrderBud-OrderBudUITests/Pods-OrderBud-OrderBudUITests.release.xcconfig"; sourceTree = "<group>"; };
		E981B01487EEAE2B0731A5A3 /* Pods_OrderBud_OrderBudUITests.framework */ = {isa = PBXFileReference; explicitFileType = wrapper.framework; includeInIndex = 0; path = Pods_OrderBud_OrderBudUITests.framework; sourceTree = BUILT_PRODUCTS_DIR; };
		EA1A3C260BEA3928617FF808 /* Pods-OrderBud-OrderBudUITests.debug.xcconfig */ = {isa = PBXFileReference; includeInIndex = 1; lastKnownFileType = text.xcconfig; name = "Pods-OrderBud-OrderBudUITests.debug.xcconfig"; path = "Target Support Files/Pods-OrderBud-OrderBudUITests/Pods-OrderBud-OrderBudUITests.debug.xcconfig"; sourceTree = "<group>"; };
/* End PBXFileReference section */

/* Begin PBXFrameworksBuildPhase section */
		05D2D0F72448F1980013273A /* Frameworks */ = {
			isa = PBXFrameworksBuildPhase;
			buildActionMask = 2147483647;
			files = (
				7AB24252B42F6F219511FE60 /* Pods_OrderBud.framework in Frameworks */,
			);
			runOnlyForDeploymentPostprocessing = 0;
		};
		05D2D10D2448F1990013273A /* Frameworks */ = {
			isa = PBXFrameworksBuildPhase;
			buildActionMask = 2147483647;
			files = (
				F3B73777103CA73BE6B62B0F /* Pods_OrderBudTests.framework in Frameworks */,
			);
			runOnlyForDeploymentPostprocessing = 0;
		};
		05D2D1182448F1990013273A /* Frameworks */ = {
			isa = PBXFrameworksBuildPhase;
			buildActionMask = 2147483647;
			files = (
				898E9622636FB5ABDE47DF6C /* Pods_OrderBud_OrderBudUITests.framework in Frameworks */,
			);
			runOnlyForDeploymentPostprocessing = 0;
		};
/* End PBXFrameworksBuildPhase section */

/* Begin PBXGroup section */
		05D2D0F12448F1980013273A = {
			isa = PBXGroup;
			children = (
				05D2D0FC2448F1980013273A /* OrderBud */,
				05D2D1132448F1990013273A /* OrderBudTests */,
				05D2D11E2448F1990013273A /* OrderBudUITests */,
				05D2D0FB2448F1980013273A /* Products */,
				789EF27C1EE1C7A722B88159 /* Pods */,
				0EFFED9A25B782F087BEE594 /* Frameworks */,
			);
			sourceTree = "<group>";
		};
		05D2D0FB2448F1980013273A /* Products */ = {
			isa = PBXGroup;
			children = (
				05D2D0FA2448F1980013273A /* OrderBud.app */,
				05D2D1102448F1990013273A /* OrderBudTests.xctest */,
				05D2D11B2448F1990013273A /* OrderBudUITests.xctest */,
			);
			name = Products;
			sourceTree = "<group>";
		};
		05D2D0FC2448F1980013273A /* OrderBud */ = {
			isa = PBXGroup;
			children = (
				05D2D0FD2448F1980013273A /* AppDelegate.swift */,
				05D2D0FF2448F1980013273A /* SceneDelegate.swift */,
				053A527E245F6A93008E1D24 /* foodDetailsViewController.swift */,
				05892E47245D598A00411B87 /* searchTableViewCell.swift */,
				05D5088C245FCFA40046227C /* FoodCellTableViewCell.swift */,
				05D2D1012448F1980013273A /* ViewController.swift */,
				053A527C245F5A86008E1D24 /* RestaurantMenuViewController.swift */,
				05D2D1032448F1980013273A /* Main.storyboard */,
				05D2D1062448F1990013273A /* Assets.xcassets */,
				05D2D1082448F1990013273A /* LaunchScreen.storyboard */,
				05D2D10B2448F1990013273A /* Info.plist */,
			);
			path = OrderBud;
			sourceTree = "<group>";
		};
		05D2D1132448F1990013273A /* OrderBudTests */ = {
			isa = PBXGroup;
			children = (
				05D2D1142448F1990013273A /* OrderBudTests.swift */,
				05D2D1162448F1990013273A /* Info.plist */,
			);
			path = OrderBudTests;
			sourceTree = "<group>";
		};
		05D2D11E2448F1990013273A /* OrderBudUITests */ = {
			isa = PBXGroup;
			children = (
				05D2D11F2448F1990013273A /* OrderBudUITests.swift */,
				05D2D1212448F1990013273A /* Info.plist */,
			);
			path = OrderBudUITests;
			sourceTree = "<group>";
		};
		0EFFED9A25B782F087BEE594 /* Frameworks */ = {
			isa = PBXGroup;
			children = (
				4DA4B5D90574B2FA7CFF4B6F /* Pods_OrderBud.framework */,
				E981B01487EEAE2B0731A5A3 /* Pods_OrderBud_OrderBudUITests.framework */,
				59F1735D3DAD6860D2175AA6 /* Pods_OrderBudTests.framework */,
			);
			name = Frameworks;
			sourceTree = "<group>";
		};
		789EF27C1EE1C7A722B88159 /* Pods */ = {
			isa = PBXGroup;
			children = (
				285C3B1B2487272EF6975E77 /* Pods-OrderBud.debug.xcconfig */,
				1AF3DF666EC79E826AB4762B /* Pods-OrderBud.release.xcconfig */,
				EA1A3C260BEA3928617FF808 /* Pods-OrderBud-OrderBudUITests.debug.xcconfig */,
				D96931B09AA0617802B56D0D /* Pods-OrderBud-OrderBudUITests.release.xcconfig */,
				44EE646C2C1093DEC3387499 /* Pods-OrderBudTests.debug.xcconfig */,
				4F80EFA35D13E4ADF855D39E /* Pods-OrderBudTests.release.xcconfig */,
			);
			path = Pods;
			sourceTree = "<group>";
		};
/* End PBXGroup section */

/* Begin PBXNativeTarget section */
		05D2D0F92448F1980013273A /* OrderBud */ = {
			isa = PBXNativeTarget;
			buildConfigurationList = 05D2D1242448F1990013273A /* Build configuration list for PBXNativeTarget "OrderBud" */;
			buildPhases = (
				9AE381898C5FB8A4CC658AE6 /* [CP] Check Pods Manifest.lock */,
				05D2D0F62448F1980013273A /* Sources */,
				05D2D0F72448F1980013273A /* Frameworks */,
				05D2D0F82448F1980013273A /* Resources */,
				C9853766FEBB4F8470DE1C4D /* [CP] Embed Pods Frameworks */,
			);
			buildRules = (
			);
			dependencies = (
			);
			name = OrderBud;
			productName = OrderBud;
			productReference = 05D2D0FA2448F1980013273A /* OrderBud.app */;
			productType = "com.apple.product-type.application";
		};
		05D2D10F2448F1990013273A /* OrderBudTests */ = {
			isa = PBXNativeTarget;
			buildConfigurationList = 05D2D1272448F1990013273A /* Build configuration list for PBXNativeTarget "OrderBudTests" */;
			buildPhases = (
				D65D8D2F160FF5A2BF725107 /* [CP] Check Pods Manifest.lock */,
				05D2D10C2448F1990013273A /* Sources */,
				05D2D10D2448F1990013273A /* Frameworks */,
				05D2D10E2448F1990013273A /* Resources */,
			);
			buildRules = (
			);
			dependencies = (
				05D2D1122448F1990013273A /* PBXTargetDependency */,
			);
			name = OrderBudTests;
			productName = OrderBudTests;
			productReference = 05D2D1102448F1990013273A /* OrderBudTests.xctest */;
			productType = "com.apple.product-type.bundle.unit-test";
		};
		05D2D11A2448F1990013273A /* OrderBudUITests */ = {
			isa = PBXNativeTarget;
			buildConfigurationList = 05D2D12A2448F1990013273A /* Build configuration list for PBXNativeTarget "OrderBudUITests" */;
			buildPhases = (
				138AF127B5F6209518E65B94 /* [CP] Check Pods Manifest.lock */,
				05D2D1172448F1990013273A /* Sources */,
				05D2D1182448F1990013273A /* Frameworks */,
				05D2D1192448F1990013273A /* Resources */,
				DEFB8C7E124A1D985BAC7668 /* [CP] Embed Pods Frameworks */,
			);
			buildRules = (
			);
			dependencies = (
				05D2D11D2448F1990013273A /* PBXTargetDependency */,
			);
			name = OrderBudUITests;
			productName = OrderBudUITests;
			productReference = 05D2D11B2448F1990013273A /* OrderBudUITests.xctest */;
			productType = "com.apple.product-type.bundle.ui-testing";
		};
/* End PBXNativeTarget section */

/* Begin PBXProject section */
		05D2D0F22448F1980013273A /* Project object */ = {
			isa = PBXProject;
			attributes = {
				LastSwiftUpdateCheck = 1140;
				LastUpgradeCheck = 1140;
				ORGANIZATIONNAME = "AryanKhadiri@gmail.com";
				TargetAttributes = {
					05D2D0F92448F1980013273A = {
						CreatedOnToolsVersion = 11.4;
					};
					05D2D10F2448F1990013273A = {
						CreatedOnToolsVersion = 11.4;
						TestTargetID = 05D2D0F92448F1980013273A;
					};
					05D2D11A2448F1990013273A = {
						CreatedOnToolsVersion = 11.4;
						TestTargetID = 05D2D0F92448F1980013273A;
					};
				};
			};
			buildConfigurationList = 05D2D0F52448F1980013273A /* Build configuration list for PBXProject "OrderBud" */;
			compatibilityVersion = "Xcode 9.3";
			developmentRegion = en;
			hasScannedForEncodings = 0;
			knownRegions = (
				en,
				Base,
			);
			mainGroup = 05D2D0F12448F1980013273A;
			productRefGroup = 05D2D0FB2448F1980013273A /* Products */;
			projectDirPath = "";
			projectRoot = "";
			targets = (
				05D2D0F92448F1980013273A /* OrderBud */,
				05D2D10F2448F1990013273A /* OrderBudTests */,
				05D2D11A2448F1990013273A /* OrderBudUITests */,
			);
		};
/* End PBXProject section */

/* Begin PBXResourcesBuildPhase section */
		05D2D0F82448F1980013273A /* Resources */ = {
			isa = PBXResourcesBuildPhase;
			buildActionMask = 2147483647;
			files = (
				05D2D10A2448F1990013273A /* LaunchScreen.storyboard in Resources */,
				05D2D1072448F1990013273A /* Assets.xcassets in Resources */,
				05D2D1052448F1980013273A /* Main.storyboard in Resources */,
			);
			runOnlyForDeploymentPostprocessing = 0;
		};
		05D2D10E2448F1990013273A /* Resources */ = {
			isa = PBXResourcesBuildPhase;
			buildActionMask = 2147483647;
			files = (
			);
			runOnlyForDeploymentPostprocessing = 0;
		};
		05D2D1192448F1990013273A /* Resources */ = {
			isa = PBXResourcesBuildPhase;
			buildActionMask = 2147483647;
			files = (
			);
			runOnlyForDeploymentPostprocessing = 0;
		};
/* End PBXResourcesBuildPhase section */

/* Begin PBXShellScriptBuildPhase section */
		138AF127B5F6209518E65B94 /* [CP] Check Pods Manifest.lock */ = {
			isa = PBXShellScriptBuildPhase;
			buildActionMask = 2147483647;
			files = (
			);
			inputFileListPaths = (
			);
			inputPaths = (
				"${PODS_PODFILE_DIR_PATH}/Podfile.lock",
				"${PODS_ROOT}/Manifest.lock",
			);
			name = "[CP] Check Pods Manifest.lock";
			outputFileListPaths = (
			);
			outputPaths = (
				"$(DERIVED_FILE_DIR)/Pods-OrderBud-OrderBudUITests-checkManifestLockResult.txt",
			);
			runOnlyForDeploymentPostprocessing = 0;
			shellPath = /bin/sh;
			shellScript = "diff \"${PODS_PODFILE_DIR_PATH}/Podfile.lock\" \"${PODS_ROOT}/Manifest.lock\" > /dev/null\nif [ $? != 0 ] ; then\n    # print error to STDERR\n    echo \"error: The sandbox is not in sync with the Podfile.lock. Run 'pod install' or update your CocoaPods installation.\" >&2\n    exit 1\nfi\n# This output is used by Xcode 'outputs' to avoid re-running this script phase.\necho \"SUCCESS\" > \"${SCRIPT_OUTPUT_FILE_0}\"\n";
			showEnvVarsInLog = 0;
		};
		9AE381898C5FB8A4CC658AE6 /* [CP] Check Pods Manifest.lock */ = {
			isa = PBXShellScriptBuildPhase;
			buildActionMask = 2147483647;
			files = (
			);
			inputFileListPaths = (
			);
			inputPaths = (
				"${PODS_PODFILE_DIR_PATH}/Podfile.lock",
				"${PODS_ROOT}/Manifest.lock",
			);
			name = "[CP] Check Pods Manifest.lock";
			outputFileListPaths = (
			);
			outputPaths = (
				"$(DERIVED_FILE_DIR)/Pods-OrderBud-checkManifestLockResult.txt",
			);
			runOnlyForDeploymentPostprocessing = 0;
			shellPath = /bin/sh;
			shellScript = "diff \"${PODS_PODFILE_DIR_PATH}/Podfile.lock\" \"${PODS_ROOT}/Manifest.lock\" > /dev/null\nif [ $? != 0 ] ; then\n    # print error to STDERR\n    echo \"error: The sandbox is not in sync with the Podfile.lock. Run 'pod install' or update your CocoaPods installation.\" >&2\n    exit 1\nfi\n# This output is used by Xcode 'outputs' to avoid re-running this script phase.\necho \"SUCCESS\" > \"${SCRIPT_OUTPUT_FILE_0}\"\n";
			showEnvVarsInLog = 0;
		};
		C9853766FEBB4F8470DE1C4D /* [CP] Embed Pods Frameworks */ = {
			isa = PBXShellScriptBuildPhase;
			buildActionMask = 2147483647;
			files = (
			);
			inputFileListPaths = (
				"${PODS_ROOT}/Target Support Files/Pods-OrderBud/Pods-OrderBud-frameworks-${CONFIGURATION}-input-files.xcfilelist",
			);
			name = "[CP] Embed Pods Frameworks";
			outputFileListPaths = (
				"${PODS_ROOT}/Target Support Files/Pods-OrderBud/Pods-OrderBud-frameworks-${CONFIGURATION}-output-files.xcfilelist",
			);
			runOnlyForDeploymentPostprocessing = 0;
			shellPath = /bin/sh;
			shellScript = "\"${PODS_ROOT}/Target Support Files/Pods-OrderBud/Pods-OrderBud-frameworks.sh\"\n";
			showEnvVarsInLog = 0;
		};
		D65D8D2F160FF5A2BF725107 /* [CP] Check Pods Manifest.lock */ = {
			isa = PBXShellScriptBuildPhase;
			buildActionMask = 2147483647;
			files = (
			);
			inputFileListPaths = (
			);
			inputPaths = (
				"${PODS_PODFILE_DIR_PATH}/Podfile.lock",
				"${PODS_ROOT}/Manifest.lock",
			);
			name = "[CP] Check Pods Manifest.lock";
			outputFileListPaths = (
			);
			outputPaths = (
				"$(DERIVED_FILE_DIR)/Pods-OrderBudTests-checkManifestLockResult.txt",
			);
			runOnlyForDeploymentPostprocessing = 0;
			shellPath = /bin/sh;
			shellScript = "diff \"${PODS_PODFILE_DIR_PATH}/Podfile.lock\" \"${PODS_ROOT}/Manifest.lock\" > /dev/null\nif [ $? != 0 ] ; then\n    # print error to STDERR\n    echo \"error: The sandbox is not in sync with the Podfile.lock. Run 'pod install' or update your CocoaPods installation.\" >&2\n    exit 1\nfi\n# This output is used by Xcode 'outputs' to avoid re-running this script phase.\necho \"SUCCESS\" > \"${SCRIPT_OUTPUT_FILE_0}\"\n";
			showEnvVarsInLog = 0;
		};
		DEFB8C7E124A1D985BAC7668 /* [CP] Embed Pods Frameworks */ = {
			isa = PBXShellScriptBuildPhase;
			buildActionMask = 2147483647;
			files = (
			);
			inputFileListPaths = (
				"${PODS_ROOT}/Target Support Files/Pods-OrderBud-OrderBudUITests/Pods-OrderBud-OrderBudUITests-frameworks-${CONFIGURATION}-input-files.xcfilelist",
			);
			name = "[CP] Embed Pods Frameworks";
			outputFileListPaths = (
				"${PODS_ROOT}/Target Support Files/Pods-OrderBud-OrderBudUITests/Pods-OrderBud-OrderBudUITests-frameworks-${CONFIGURATION}-output-files.xcfilelist",
			);
			runOnlyForDeploymentPostprocessing = 0;
			shellPath = /bin/sh;
			shellScript = "\"${PODS_ROOT}/Target Support Files/Pods-OrderBud-OrderBudUITests/Pods-OrderBud-OrderBudUITests-frameworks.sh\"\n";
			showEnvVarsInLog = 0;
		};
/* End PBXShellScriptBuildPhase section */

/* Begin PBXSourcesBuildPhase section */
		05D2D0F62448F1980013273A /* Sources */ = {
			isa = PBXSourcesBuildPhase;
			buildActionMask = 2147483647;
			files = (
				05D2D1022448F1980013273A /* ViewController.swift in Sources */,
				053A527D245F5A86008E1D24 /* RestaurantMenuViewController.swift in Sources */,
				05892E48245D598A00411B87 /* searchTableViewCell.swift in Sources */,
				05D2D0FE2448F1980013273A /* AppDelegate.swift in Sources */,
				05D5088D245FCFA40046227C /* FoodCellTableViewCell.swift in Sources */,
				05D2D1002448F1980013273A /* SceneDelegate.swift in Sources */,
				053A527F245F6A93008E1D24 /* foodDetailsViewController.swift in Sources */,
			);
			runOnlyForDeploymentPostprocessing = 0;
		};
		05D2D10C2448F1990013273A /* Sources */ = {
			isa = PBXSourcesBuildPhase;
			buildActionMask = 2147483647;
			files = (
				05D2D1152448F1990013273A /* OrderBudTests.swift in Sources */,
			);
			runOnlyForDeploymentPostprocessing = 0;
		};
		05D2D1172448F1990013273A /* Sources */ = {
			isa = PBXSourcesBuildPhase;
			buildActionMask = 2147483647;
			files = (
				05D2D1202448F1990013273A /* OrderBudUITests.swift in Sources */,
			);
			runOnlyForDeploymentPostprocessing = 0;
		};
/* End PBXSourcesBuildPhase section */

/* Begin PBXTargetDependency section */
		05D2D1122448F1990013273A /* PBXTargetDependency */ = {
			isa = PBXTargetDependency;
			target = 05D2D0F92448F1980013273A /* OrderBud */;
			targetProxy = 05D2D1112448F1990013273A /* PBXContainerItemProxy */;
		};
		05D2D11D2448F1990013273A /* PBXTargetDependency */ = {
			isa = PBXTargetDependency;
			target = 05D2D0F92448F1980013273A /* OrderBud */;
			targetProxy = 05D2D11C2448F1990013273A /* PBXContainerItemProxy */;
		};
/* End PBXTargetDependency section */

/* Begin PBXVariantGroup section */
		05D2D1032448F1980013273A /* Main.storyboard */ = {
			isa = PBXVariantGroup;
			children = (
				05D2D1042448F1980013273A /* Base */,
			);
			name = Main.storyboard;
			sourceTree = "<group>";
		};
		05D2D1082448F1990013273A /* LaunchScreen.storyboard */ = {
			isa = PBXVariantGroup;
			children = (
				05D2D1092448F1990013273A /* Base */,
			);
			name = LaunchScreen.storyboard;
			sourceTree = "<group>";
		};
/* End PBXVariantGroup section */

/* Begin XCBuildConfiguration section */
		05D2D1222448F1990013273A /* Debug */ = {
			isa = XCBuildConfiguration;
			buildSettings = {
				ALWAYS_SEARCH_USER_PATHS = NO;
				CLANG_ANALYZER_NONNULL = YES;
				CLANG_ANALYZER_NUMBER_OBJECT_CONVERSION = YES_AGGRESSIVE;
				CLANG_CXX_LANGUAGE_STANDARD = "gnu++14";
				CLANG_CXX_LIBRARY = "libc++";
				CLANG_ENABLE_MODULES = YES;
				CLANG_ENABLE_OBJC_ARC = YES;
				CLANG_ENABLE_OBJC_WEAK = YES;
				CLANG_WARN_BLOCK_CAPTURE_AUTORELEASING = YES;
				CLANG_WARN_BOOL_CONVERSION = YES;
				CLANG_WARN_COMMA = YES;
				CLANG_WARN_CONSTANT_CONVERSION = YES;
				CLANG_WARN_DEPRECATED_OBJC_IMPLEMENTATIONS = YES;
				CLANG_WARN_DIRECT_OBJC_ISA_USAGE = YES_ERROR;
				CLANG_WARN_DOCUMENTATION_COMMENTS = YES;
				CLANG_WARN_EMPTY_BODY = YES;
				CLANG_WARN_ENUM_CONVERSION = YES;
				CLANG_WARN_INFINITE_RECURSION = YES;
				CLANG_WARN_INT_CONVERSION = YES;
				CLANG_WARN_NON_LITERAL_NULL_CONVERSION = YES;
				CLANG_WARN_OBJC_IMPLICIT_RETAIN_SELF = YES;
				CLANG_WARN_OBJC_LITERAL_CONVERSION = YES;
				CLANG_WARN_OBJC_ROOT_CLASS = YES_ERROR;
				CLANG_WARN_RANGE_LOOP_ANALYSIS = YES;
				CLANG_WARN_STRICT_PROTOTYPES = YES;
				CLANG_WARN_SUSPICIOUS_MOVE = YES;
				CLANG_WARN_UNGUARDED_AVAILABILITY = YES_AGGRESSIVE;
				CLANG_WARN_UNREACHABLE_CODE = YES;
				CLANG_WARN__DUPLICATE_METHOD_MATCH = YES;
				COPY_PHASE_STRIP = NO;
				DEBUG_INFORMATION_FORMAT = dwarf;
				ENABLE_STRICT_OBJC_MSGSEND = YES;
				ENABLE_TESTABILITY = YES;
				GCC_C_LANGUAGE_STANDARD = gnu11;
				GCC_DYNAMIC_NO_PIC = NO;
				GCC_NO_COMMON_BLOCKS = YES;
				GCC_OPTIMIZATION_LEVEL = 0;
				GCC_PREPROCESSOR_DEFINITIONS = (
					"DEBUG=1",
					"$(inherited)",
				);
				GCC_WARN_64_TO_32_BIT_CONVERSION = YES;
				GCC_WARN_ABOUT_RETURN_TYPE = YES_ERROR;
				GCC_WARN_UNDECLARED_SELECTOR = YES;
				GCC_WARN_UNINITIALIZED_AUTOS = YES_AGGRESSIVE;
				GCC_WARN_UNUSED_FUNCTION = YES;
				GCC_WARN_UNUSED_VARIABLE = YES;
				IPHONEOS_DEPLOYMENT_TARGET = 13.4;
				MTL_ENABLE_DEBUG_INFO = INCLUDE_SOURCE;
				MTL_FAST_MATH = YES;
				ONLY_ACTIVE_ARCH = YES;
				SDKROOT = iphoneos;
				SWIFT_ACTIVE_COMPILATION_CONDITIONS = DEBUG;
				SWIFT_OPTIMIZATION_LEVEL = "-Onone";
			};
			name = Debug;
		};
		05D2D1232448F1990013273A /* Release */ = {
			isa = XCBuildConfiguration;
			buildSettings = {
				ALWAYS_SEARCH_USER_PATHS = NO;
				CLANG_ANALYZER_NONNULL = YES;
				CLANG_ANALYZER_NUMBER_OBJECT_CONVERSION = YES_AGGRESSIVE;
				CLANG_CXX_LANGUAGE_STANDARD = "gnu++14";
				CLANG_CXX_LIBRARY = "libc++";
				CLANG_ENABLE_MODULES = YES;
				CLANG_ENABLE_OBJC_ARC = YES;
				CLANG_ENABLE_OBJC_WEAK = YES;
				CLANG_WARN_BLOCK_CAPTURE_AUTORELEASING = YES;
				CLANG_WARN_BOOL_CONVERSION = YES;
				CLANG_WARN_COMMA = YES;
				CLANG_WARN_CONSTANT_CONVERSION = YES;
				CLANG_WARN_DEPRECATED_OBJC_IMPLEMENTATIONS = YES;
				CLANG_WARN_DIRECT_OBJC_ISA_USAGE = YES_ERROR;
				CLANG_WARN_DOCUMENTATION_COMMENTS = YES;
				CLANG_WARN_EMPTY_BODY = YES;
				CLANG_WARN_ENUM_CONVERSION = YES;
				CLANG_WARN_INFINITE_RECURSION = YES;
				CLANG_WARN_INT_CONVERSION = YES;
				CLANG_WARN_NON_LITERAL_NULL_CONVERSION = YES;
				CLANG_WARN_OBJC_IMPLICIT_RETAIN_SELF = YES;
				CLANG_WARN_OBJC_LITERAL_CONVERSION = YES;
				CLANG_WARN_OBJC_ROOT_CLASS = YES_ERROR;
				CLANG_WARN_RANGE_LOOP_ANALYSIS = YES;
				CLANG_WARN_STRICT_PROTOTYPES = YES;
				CLANG_WARN_SUSPICIOUS_MOVE = YES;
				CLANG_WARN_UNGUARDED_AVAILABILITY = YES_AGGRESSIVE;
				CLANG_WARN_UNREACHABLE_CODE = YES;
				CLANG_WARN__DUPLICATE_METHOD_MATCH = YES;
				COPY_PHASE_STRIP = NO;
				DEBUG_INFORMATION_FORMAT = "dwarf-with-dsym";
				ENABLE_NS_ASSERTIONS = NO;
				ENABLE_STRICT_OBJC_MSGSEND = YES;
				GCC_C_LANGUAGE_STANDARD = gnu11;
				GCC_NO_COMMON_BLOCKS = YES;
				GCC_WARN_64_TO_32_BIT_CONVERSION = YES;
				GCC_WARN_ABOUT_RETURN_TYPE = YES_ERROR;
				GCC_WARN_UNDECLARED_SELECTOR = YES;
				GCC_WARN_UNINITIALIZED_AUTOS = YES_AGGRESSIVE;
				GCC_WARN_UNUSED_FUNCTION = YES;
				GCC_WARN_UNUSED_VARIABLE = YES;
				IPHONEOS_DEPLOYMENT_TARGET = 13.4;
				MTL_ENABLE_DEBUG_INFO = NO;
				MTL_FAST_MATH = YES;
				SDKROOT = iphoneos;
				SWIFT_COMPILATION_MODE = wholemodule;
				SWIFT_OPTIMIZATION_LEVEL = "-O";
				VALIDATE_PRODUCT = YES;
			};
			name = Release;
		};
		05D2D1252448F1990013273A /* Debug */ = {
			isa = XCBuildConfiguration;
			baseConfigurationReference = 285C3B1B2487272EF6975E77 /* Pods-OrderBud.debug.xcconfig */;
			buildSettings = {
				ASSETCATALOG_COMPILER_APPICON_NAME = AppIcon;
				CODE_SIGN_STYLE = Automatic;
				DEVELOPMENT_TEAM = TPL4958M2A;
				INFOPLIST_FILE = OrderBud/Info.plist;
				LD_RUNPATH_SEARCH_PATHS = (
					"$(inherited)",
					"@executable_path/Frameworks",
				);
				PRODUCT_BUNDLE_IDENTIFIER = aryankhadiricorp.OrderBud;
				PRODUCT_NAME = "$(TARGET_NAME)";
				SWIFT_VERSION = 5.0;
				TARGETED_DEVICE_FAMILY = "1,2";
			};
			name = Debug;
		};
		05D2D1262448F1990013273A /* Release */ = {
			isa = XCBuildConfiguration;
			baseConfigurationReference = 1AF3DF666EC79E826AB4762B /* Pods-OrderBud.release.xcconfig */;
			buildSettings = {
				ASSETCATALOG_COMPILER_APPICON_NAME = AppIcon;
				CODE_SIGN_STYLE = Automatic;
				DEVELOPMENT_TEAM = TPL4958M2A;
				INFOPLIST_FILE = OrderBud/Info.plist;
				LD_RUNPATH_SEARCH_PATHS = (
					"$(inherited)",
					"@executable_path/Frameworks",
				);
				PRODUCT_BUNDLE_IDENTIFIER = aryankhadiricorp.OrderBud;
				PRODUCT_NAME = "$(TARGET_NAME)";
				SWIFT_VERSION = 5.0;
				TARGETED_DEVICE_FAMILY = "1,2";
			};
			name = Release;
		};
		05D2D1282448F1990013273A /* Debug */ = {
			isa = XCBuildConfiguration;
			baseConfigurationReference = 44EE646C2C1093DEC3387499 /* Pods-OrderBudTests.debug.xcconfig */;
			buildSettings = {
				ALWAYS_EMBED_SWIFT_STANDARD_LIBRARIES = YES;
				BUNDLE_LOADER = "$(TEST_HOST)";
				CODE_SIGN_STYLE = Automatic;
				DEVELOPMENT_TEAM = TPL4958M2A;
				INFOPLIST_FILE = OrderBudTests/Info.plist;
				IPHONEOS_DEPLOYMENT_TARGET = 13.4;
				LD_RUNPATH_SEARCH_PATHS = (
					"$(inherited)",
					"@executable_path/Frameworks",
					"@loader_path/Frameworks",
				);
				PRODUCT_BUNDLE_IDENTIFIER = aryankhadiricorp.OrderBudTests;
				PRODUCT_NAME = "$(TARGET_NAME)";
				SWIFT_VERSION = 5.0;
				TARGETED_DEVICE_FAMILY = "1,2";
				TEST_HOST = "$(BUILT_PRODUCTS_DIR)/OrderBud.app/OrderBud";
			};
			name = Debug;
		};
		05D2D1292448F1990013273A /* Release */ = {
			isa = XCBuildConfiguration;
			baseConfigurationReference = 4F80EFA35D13E4ADF855D39E /* Pods-OrderBudTests.release.xcconfig */;
			buildSettings = {
				ALWAYS_EMBED_SWIFT_STANDARD_LIBRARIES = YES;
				BUNDLE_LOADER = "$(TEST_HOST)";
				CODE_SIGN_STYLE = Automatic;
				DEVELOPMENT_TEAM = TPL4958M2A;
				INFOPLIST_FILE = OrderBudTests/Info.plist;
				IPHONEOS_DEPLOYMENT_TARGET = 13.4;
				LD_RUNPATH_SEARCH_PATHS = (
					"$(inherited)",
					"@executable_path/Frameworks",
					"@loader_path/Frameworks",
				);
				PRODUCT_BUNDLE_IDENTIFIER = aryankhadiricorp.OrderBudTests;
				PRODUCT_NAME = "$(TARGET_NAME)";
				SWIFT_VERSION = 5.0;
				TARGETED_DEVICE_FAMILY = "1,2";
				TEST_HOST = "$(BUILT_PRODUCTS_DIR)/OrderBud.app/OrderBud";
			};
			name = Release;
		};
		05D2D12B2448F1990013273A /* Debug */ = {
			isa = XCBuildConfiguration;
			baseConfigurationReference = EA1A3C260BEA3928617FF808 /* Pods-OrderBud-OrderBudUITests.debug.xcconfig */;
			buildSettings = {
				ALWAYS_EMBED_SWIFT_STANDARD_LIBRARIES = YES;
				CODE_SIGN_STYLE = Automatic;
				DEVELOPMENT_TEAM = TPL4958M2A;
				INFOPLIST_FILE = OrderBudUITests/Info.plist;
				LD_RUNPATH_SEARCH_PATHS = (
					"$(inherited)",
					"@executable_path/Frameworks",
					"@loader_path/Frameworks",
				);
				PRODUCT_BUNDLE_IDENTIFIER = aryankhadiricorp.OrderBudUITests;
				PRODUCT_NAME = "$(TARGET_NAME)";
				SWIFT_VERSION = 5.0;
				TARGETED_DEVICE_FAMILY = "1,2";
				TEST_TARGET_NAME = OrderBud;
			};
			name = Debug;
		};
		05D2D12C2448F1990013273A /* Release */ = {
			isa = XCBuildConfiguration;
			baseConfigurationReference = D96931B09AA0617802B56D0D /* Pods-OrderBud-OrderBudUITests.release.xcconfig */;
			buildSettings = {
				ALWAYS_EMBED_SWIFT_STANDARD_LIBRARIES = YES;
				CODE_SIGN_STYLE = Automatic;
				DEVELOPMENT_TEAM = TPL4958M2A;
				INFOPLIST_FILE = OrderBudUITests/Info.plist;
				LD_RUNPATH_SEARCH_PATHS = (
					"$(inherited)",
					"@executable_path/Frameworks",
					"@loader_path/Frameworks",
				);
				PRODUCT_BUNDLE_IDENTIFIER = aryankhadiricorp.OrderBudUITests;
				PRODUCT_NAME = "$(TARGET_NAME)";
				SWIFT_VERSION = 5.0;
				TARGETED_DEVICE_FAMILY = "1,2";
				TEST_TARGET_NAME = OrderBud;
			};
			name = Release;
		};
/* End XCBuildConfiguration section */

/* Begin XCConfigurationList section */
		05D2D0F52448F1980013273A /* Build configuration list for PBXProject "OrderBud" */ = {
			isa = XCConfigurationList;
			buildConfigurations = (
				05D2D1222448F1990013273A /* Debug */,
				05D2D1232448F1990013273A /* Release */,
			);
			defaultConfigurationIsVisible = 0;
			defaultConfigurationName = Release;
		};
		05D2D1242448F1990013273A /* Build configuration list for PBXNativeTarget "OrderBud" */ = {
			isa = XCConfigurationList;
			buildConfigurations = (
				05D2D1252448F1990013273A /* Debug */,
				05D2D1262448F1990013273A /* Release */,
			);
			defaultConfigurationIsVisible = 0;
			defaultConfigurationName = Release;
		};
		05D2D1272448F1990013273A /* Build configuration list for PBXNativeTarget "OrderBudTests" */ = {
			isa = XCConfigurationList;
			buildConfigurations = (
				05D2D1282448F1990013273A /* Debug */,
				05D2D1292448F1990013273A /* Release */,
			);
			defaultConfigurationIsVisible = 0;
			defaultConfigurationName = Release;
		};
		05D2D12A2448F1990013273A /* Build configuration list for PBXNativeTarget "OrderBudUITests" */ = {
			isa = XCConfigurationList;
			buildConfigurations = (
				05D2D12B2448F1990013273A /* Debug */,
				05D2D12C2448F1990013273A /* Release */,
			);
			defaultConfigurationIsVisible = 0;
			defaultConfigurationName = Release;
		};
/* End XCConfigurationList section */
	};
	rootObject = 05D2D0F22448F1980013273A /* Project object */;
}
